
Microsoft Visual Studio Solution File, Format Version 12.00
# Visual Studio Version 17
VisualStudioVersion = 17.4.33213.308
MinimumVisualStudioVersion = 10.0.40219.1
Project("{FAE04EC0-301F-11D3-BF4B-00C04F79EFBC}") = "TCPIP_Test", "TCPIP_Test\TCPIP_Test.csproj", "{5E2E7AED-2E84-42AB-8332-E4DA8A866A73}"
EndProject
Project("{FAE04EC0-301F-11D3-BF4B-00C04F79EFBC}") = "TCPIP_Test_Client", "TCPIP_Test_Client\TCPIP_Test_Client.csproj", "{7EA054DF-DB26-4B26-8361-AF47651B3731}"
EndProject
Global
	GlobalSection(SolutionConfigurationPlatforms) = preSolution
		Debug|Any CPU = Debug|Any CPU
		Release|Any CPU = Release|Any CPU
	EndGlobalSection
	GlobalSection(ProjectConfigurationPlatforms) = postSolution
		{5E2E7AED-2E84-42AB-8332-E4DA8A866A73}.Debug|Any CPU.ActiveCfg = Debug|Any CPU
		{5E2E7AED-2E84-42AB-8332-E4DA8A866A73}.Debug|Any CPU.Build.0 = Debug|Any CPU
		{5E2E7AED-2E84-42AB-8332-E4DA8A866A73}.Release|Any CPU.ActiveCfg = Release|Any CPU
		{5E2E7AED-2E84-42AB-8332-E4DA8A866A73}.Release|Any CPU.Build.0 = Release|Any CPU
		{7EA054DF-DB26-4B26-8361-AF47651B3731}.Debug|Any CPU.ActiveCfg = Debug|Any CPU
		{7EA054DF-DB26-4B26-8361-AF47651B3731}.Debug|Any CPU.Build.0 = Debug|Any CPU
		{7EA054DF-DB26-4B26-8361-AF47651B3731}.Release|Any CPU.ActiveCfg = Release|Any CPU
		{7EA054DF-DB26-4B26-8361-AF47651B3731}.Release|Any CPU.Build.0 = Release|Any CPU
	EndGlobalSection
	GlobalSection(SolutionProperties) = preSolution
		HideSolutionNode = FALSE
	EndGlobalSection
	GlobalSection(ExtensibilityGlobals) = postSolution
		SolutionGuid = {5AF57477-447E-4AEF-923F-F413BBE8BFC8}
	EndGlobalSection
EndGlobal
